
Microsoft Visual Studio Solution File, Format Version 12.00
# Visual Studio Version 17
VisualStudioVersion = 17.8.34511.84
MinimumVisualStudioVersion = 10.0.40219.1
Project("{FAE04EC0-301F-11D3-BF4B-00C04F79EFBC}") = "PrograIIProyectoI", "PrograIIProyectoI.csproj", "{DEE4725A-9ABE-4065-B111-D94DF564D74A}"
EndProject
Global
	GlobalSection(SolutionConfigurationPlatforms) = preSolution
		Debug|Any CPU = Debug|Any CPU
		Release|Any CPU = Release|Any CPU
	EndGlobalSection
	GlobalSection(ProjectConfigurationPlatforms) = postSolution
		{DEE4725A-9ABE-4065-B111-D94DF564D74A}.Debug|Any CPU.ActiveCfg = Debug|Any CPU
		{DEE4725A-9ABE-4065-B111-D94DF564D74A}.Debug|Any CPU.Build.0 = Debug|Any CPU
		{DEE4725A-9ABE-4065-B111-D94DF564D74A}.Release|Any CPU.ActiveCfg = Release|Any CPU
		{DEE4725A-9ABE-4065-B111-D94DF564D74A}.Release|Any CPU.Build.0 = Release|Any CPU
	EndGlobalSection
	GlobalSection(SolutionProperties) = preSolution
		HideSolutionNode = FALSE
	EndGlobalSection
	GlobalSection(ExtensibilityGlobals) = postSolution
		SolutionGuid = {6C02C268-6199-4696-B193-AFFB10711B51}
	EndGlobalSection
EndGlobal
